{
  "version": 4,
  "terraform_version": "1.4.6",
  "serial": 4,
  "lineage": "dad111e1-0b17-9adf-6465-f4f4239ecb74",
  "outputs": {},
  "resources": [
    {
      "mode": "data",
      "type": "aws_caller_identity",
      "name": "current",
      "provider": "provider[\"registry.terraform.io/hashicorp/aws\"].us_east_1",
      "instances": [
        {
          "schema_version": 0,
          "attributes": {
            "account_id": "822902368026",
            "arn": "arn:aws:iam::822902368026:root",
            "id": "822902368026",
            "user_id": "822902368026"
          },
          "sensitive_attributes": []
        }
      ]
    },
    {
      "mode": "data",
      "type": "aws_iam_policy_document",
      "name": "ecr_policy",
      "provider": "provider[\"registry.terraform.io/hashicorp/aws\"].us_east_1",
      "instances": [
        {
          "schema_version": 0,
          "attributes": {
            "id": "3844837436",
            "json": "{\n  \"Version\": \"2012-10-17\",\n  \"Statement\": [\n    {\n      \"Sid\": \"new policy\",\n      \"Effect\": \"Allow\",\n      \"Action\": \"ecr:*\",\n      \"Principal\": {\n        \"AWS\": \"*\"\n      }\n    }\n  ]\n}",
            "override_json": null,
            "override_policy_documents": null,
            "policy_id": null,
            "source_json": null,
            "source_policy_documents": null,
            "statement": [
              {
                "actions": [
                  "ecr:*"
                ],
                "condition": [],
                "effect": "Allow",
                "not_actions": [],
                "not_principals": [],
                "not_resources": [],
                "principals": [
                  {
                    "identifiers": [
                      "*"
                    ],
                    "type": "AWS"
                  }
                ],
                "resources": [],
                "sid": "new policy"
              }
            ],
            "version": "2012-10-17"
          },
          "sensitive_attributes": []
        }
      ]
    },
    {
      "mode": "managed",
      "type": "aws_ecrpublic_repository",
      "name": "aws_dev_ecr",
      "provider": "provider[\"registry.terraform.io/hashicorp/aws\"].us_east_1",
      "instances": [
        {
          "schema_version": 0,
          "attributes": {
            "arn": "arn:aws:ecr-public::822902368026:repository/demo-repository-ecr",
            "catalog_data": [
              {
                "about_text": "About Text",
                "architectures": [
                  "x86_64"
                ],
                "description": "Description",
                "logo_image_blob": "",
                "operating_systems": [
                  "Mac"
                ],
                "usage_text": "Usage Text"
              }
            ],
            "force_destroy": false,
            "id": "demo-repository-ecr",
            "registry_id": "822902368026",
            "repository_name": "demo-repository-ecr",
            "repository_uri": "public.ecr.aws/c4h6g9h4/demo-repository-ecr",
            "tags": {
              "env": "dev"
            },
            "tags_all": {
              "env": "dev"
            },
            "timeouts": null
          },
          "sensitive_attributes": [],
          "private": "eyJlMmJmYjczMC1lY2FhLTExZTYtOGY4OC0zNDM2M2JjN2M0YzAiOnsiZGVsZXRlIjoxMjAwMDAwMDAwMDAwfX0="
        }
      ]
    },
    {
      "mode": "managed",
      "type": "aws_ecrpublic_repository_policy",
      "name": "default_policy",
      "provider": "provider[\"registry.terraform.io/hashicorp/aws\"].us_east_1",
      "instances": [
        {
          "schema_version": 0,
          "attributes": {
            "id": "demo-repository-ecr",
            "policy": "{\"Statement\":[{\"Action\":\"ecr:*\",\"Effect\":\"Allow\",\"Principal\":{\"AWS\":\"*\"},\"Sid\":\"new policy\"}],\"Version\":\"2012-10-17\"}",
            "registry_id": "822902368026",
            "repository_name": "demo-repository-ecr"
          },
          "sensitive_attributes": [],
          "private": "bnVsbA==",
          "dependencies": [
            "aws_ecrpublic_repository.aws_dev_ecr",
            "data.aws_iam_policy_document.ecr_policy"
          ]
        }
      ]
    },
    {
      "mode": "managed",
      "type": "null_resource",
      "name": "docker_packaging",
      "provider": "provider[\"registry.terraform.io/hashicorp/null\"]",
      "instances": [
        {
          "schema_version": 0,
          "attributes": {
            "id": "1025998440356226076",
            "triggers": {
              "run_at": "2023-05-19T03:46:18Z"
            }
          },
          "sensitive_attributes": [],
          "dependencies": [
            "aws_ecrpublic_repository.aws_dev_ecr"
          ]
        }
      ]
    }
  ],
  "check_results": null
}
